
Microsoft Visual Studio Solution File, Format Version 12.00
# Visual Studio 15
VisualStudioVersion = 15.0.28307.136
MinimumVisualStudioVersion = 10.0.40219.1
Project("{FAE04EC0-301F-11D3-BF4B-00C04F79EFBC}") = "External", "Cabal4\External.csproj", "{4FAE32A5-7B9C-4758-8BD8-9903553D8E11}"
EndProject
Project("{FAE04EC0-301F-11D3-BF4B-00C04F79EFBC}") = "DisableXIGN", "CabalDisableXIGN\DisableXIGN.csproj", "{5689747C-66A0-47E1-916A-D572C4C09095}"
EndProject
Global
	GlobalSection(SolutionConfigurationPlatforms) = preSolution
		Debug|Any CPU = Debug|Any CPU
		Debug|x64 = Debug|x64
		Release|Any CPU = Release|Any CPU
		Release|x64 = Release|x64
	EndGlobalSection
	GlobalSection(ProjectConfigurationPlatforms) = postSolution
		{4FAE32A5-7B9C-4758-8BD8-9903553D8E11}.Debug|Any CPU.ActiveCfg = Debug|Any CPU
		{4FAE32A5-7B9C-4758-8BD8-9903553D8E11}.Debug|Any CPU.Build.0 = Debug|Any CPU
		{4FAE32A5-7B9C-4758-8BD8-9903553D8E11}.Debug|x64.ActiveCfg = Debug|Any CPU
		{4FAE32A5-7B9C-4758-8BD8-9903553D8E11}.Debug|x64.Build.0 = Debug|Any CPU
		{4FAE32A5-7B9C-4758-8BD8-9903553D8E11}.Release|Any CPU.ActiveCfg = Release|Any CPU
		{4FAE32A5-7B9C-4758-8BD8-9903553D8E11}.Release|Any CPU.Build.0 = Release|Any CPU
		{4FAE32A5-7B9C-4758-8BD8-9903553D8E11}.Release|x64.ActiveCfg = Release|Any CPU
		{4FAE32A5-7B9C-4758-8BD8-9903553D8E11}.Release|x64.Build.0 = Release|Any CPU
		{5689747C-66A0-47E1-916A-D572C4C09095}.Debug|Any CPU.ActiveCfg = Debug|Any CPU
		{5689747C-66A0-47E1-916A-D572C4C09095}.Debug|Any CPU.Build.0 = Debug|Any CPU
		{5689747C-66A0-47E1-916A-D572C4C09095}.Debug|x64.ActiveCfg = Debug|Any CPU
		{5689747C-66A0-47E1-916A-D572C4C09095}.Debug|x64.Build.0 = Debug|Any CPU
		{5689747C-66A0-47E1-916A-D572C4C09095}.Release|Any CPU.ActiveCfg = Release|Any CPU
		{5689747C-66A0-47E1-916A-D572C4C09095}.Release|Any CPU.Build.0 = Release|Any CPU
		{5689747C-66A0-47E1-916A-D572C4C09095}.Release|x64.ActiveCfg = Release|Any CPU
		{5689747C-66A0-47E1-916A-D572C4C09095}.Release|x64.Build.0 = Release|Any CPU
	EndGlobalSection
	GlobalSection(SolutionProperties) = preSolution
		HideSolutionNode = FALSE
	EndGlobalSection
	GlobalSection(ExtensibilityGlobals) = postSolution
		SolutionGuid = {CFBC30A8-8F86-4E44-9A6F-5BE3C7372804}
	EndGlobalSection
EndGlobal
